
Microsoft Visual Studio Solution File, Format Version 12.00
# Visual Studio Version 16
VisualStudioVersion = 16.0.34031.81
MinimumVisualStudioVersion = 10.0.40219.1
Project("{FAE04EC0-301F-11D3-BF4B-00C04F79EFBC}") = "Task_1_Array_and_strings", "Task_1_Array_and_strings.csproj", "{995F962D-914B-4BF5-AC24-4E0912957154}"
EndProject
Global
	GlobalSection(SolutionConfigurationPlatforms) = preSolution
		Debug|Any CPU = Debug|Any CPU
		Release|Any CPU = Release|Any CPU
	EndGlobalSection
	GlobalSection(ProjectConfigurationPlatforms) = postSolution
		{995F962D-914B-4BF5-AC24-4E0912957154}.Debug|Any CPU.ActiveCfg = Debug|Any CPU
		{995F962D-914B-4BF5-AC24-4E0912957154}.Debug|Any CPU.Build.0 = Debug|Any CPU
		{995F962D-914B-4BF5-AC24-4E0912957154}.Release|Any CPU.ActiveCfg = Release|Any CPU
		{995F962D-914B-4BF5-AC24-4E0912957154}.Release|Any CPU.Build.0 = Release|Any CPU
	EndGlobalSection
	GlobalSection(SolutionProperties) = preSolution
		HideSolutionNode = FALSE
	EndGlobalSection
	GlobalSection(ExtensibilityGlobals) = postSolution
		SolutionGuid = {EB316E25-50AD-462C-999F-E32349444B96}
	EndGlobalSection
EndGlobal
